PODS:
  - CocoaSoundCloudAPI (1.0.2):
    - NXOAuth2Client (= 1.2.2)
  - CocoaSoundCloudUI (1.0.9):
    - CocoaSoundCloudAPI (~> 1.0.2)
    - OHAttributedLabel
  - JASidePanels (1.3.2)
  - NXOAuth2Client (1.2.2)
  - OHAttributedLabel (3.5.3)
  - SDWebImage (3.5.2):
    - SDWebImage/Core
  - SDWebImage/Core (3.5.2)
  - SORelativeDateTransformer (1.1.10)

DEPENDENCIES:
  - CocoaSoundCloudAPI
  - CocoaSoundCloudUI
  - JASidePanels (~> 1.3.0)
  - SDWebImage (~> 3.1)
  - SORelativeDateTransformer (~> 1.1.5)

SPEC CHECKSUMS:
  CocoaSoundCloudAPI: 380156c28314f2fdfae9821a7515f1e4c5b8a617
  CocoaSoundCloudUI: 1d81de626c78b3131e6e3f37060e7bd9254aa05d
  JASidePanels: c0e642a7311ec9cc9adfa616fa4a795e4e169f20
  NXOAuth2Client: 2abb027fb64a9d9a467202e281bb0f2206924661
  OHAttributedLabel: 985e4b57eec0dc6add79179ac47ec888b8a914e7
  SDWebImage: fe7ce01ae4e0a884d168f59c9dd82d35baf8429e
  SORelativeDateTransformer: eba9b9bcc290eb7c9754b9955ace59b890fa59f8

COCOAPODS: 0.29.0
