// !$*UTF8*$!
{
	archiveVersion = 1;
	classes = {
	};
	objectVersion = 46;
	objects = {

/* Begin PBXBuildFile section */
		7228354C16E0434400C7E6C1 /* UserProfileViewController.m in Sources */ = {isa = PBXBuildFile; fileRef = 7228354B16E0434400C7E6C1 /* UserProfileViewController.m */; };
		7228355016E04E2600C7E6C1 /* ProfileView.m in Sources */ = {isa = PBXBuildFile; fileRef = 7228354F16E04E2600C7E6C1 /* ProfileView.m */; };
		7228355616E0664000C7E6C1 /* avatar-inset.png in Resources */ = {isa = PBXBuildFile; fileRef = 7228355416E0664000C7E6C1 /* avatar-inset.png */; };
		7228355716E0664000C7E6C1 /* avatar-inset@2x.png in Resources */ = {isa = PBXBuildFile; fileRef = 7228355516E0664000C7E6C1 /* avatar-inset@2x.png */; };
		7228355A16E0699800C7E6C1 /* BaseProfileTableViewCell.m in Sources */ = {isa = PBXBuildFile; fileRef = 7228355916E0699700C7E6C1 /* BaseProfileTableViewCell.m */; };
		7228355D16E0738200C7E6C1 /* BaseTrackTableViewCell.m in Sources */ = {isa = PBXBuildFile; fileRef = 7228355C16E0738200C7E6C1 /* BaseTrackTableViewCell.m */; };
		7228355F16E07A9000C7E6C1 /* navbar-bkg.png in Resources */ = {isa = PBXBuildFile; fileRef = 7228355E16E07A9000C7E6C1 /* navbar-bkg.png */; };
		7228356216E07E2B00C7E6C1 /* hamburger-icon.png in Resources */ = {isa = PBXBuildFile; fileRef = 7228356016E07E2A00C7E6C1 /* hamburger-icon.png */; };
		7228356316E07E2B00C7E6C1 /* hamburger-icon@2x.png in Resources */ = {isa = PBXBuildFile; fileRef = 7228356116E07E2A00C7E6C1 /* hamburger-icon@2x.png */; };
		7228356616E0835800C7E6C1 /* soundcloud-header-icon.png in Resources */ = {isa = PBXBuildFile; fileRef = 7228356416E0835800C7E6C1 /* soundcloud-header-icon.png */; };
		7228356716E0835800C7E6C1 /* soundcloud-header-icon@2x.png in Resources */ = {isa = PBXBuildFile; fileRef = 7228356516E0835800C7E6C1 /* soundcloud-header-icon@2x.png */; };
		7228356B16E1244900C7E6C1 /* WaveFormView.m in Sources */ = {isa = PBXBuildFile; fileRef = 7228356A16E1244900C7E6C1 /* WaveFormView.m */; };
		7228357416E2E20900C7E6C1 /* FSN_categories.m in Sources */ = {isa = PBXBuildFile; fileRef = 7228356F16E2E20900C7E6C1 /* FSN_categories.m */; };
		7228357516E2E20900C7E6C1 /* FSNConnection.m in Sources */ = {isa = PBXBuildFile; fileRef = 7228357116E2E20900C7E6C1 /* FSNConnection.m */; };
		7228357616E2E20900C7E6C1 /* FSNData.m in Sources */ = {isa = PBXBuildFile; fileRef = 7228357316E2E20900C7E6C1 /* FSNData.m */; };
		72CA4D2216DE8960002C5A1E /* AppViewController.m in Sources */ = {isa = PBXBuildFile; fileRef = 72CA4D2116DE8960002C5A1E /* AppViewController.m */; };
		72CA4D2416DE904F002C5A1E /* QuartzCore.framework in Frameworks */ = {isa = PBXBuildFile; fileRef = 72CA4D2316DE904F002C5A1E /* QuartzCore.framework */; };
		72CA4D2716DE9152002C5A1E /* EntranceViewController.m in Sources */ = {isa = PBXBuildFile; fileRef = 72CA4D2616DE9152002C5A1E /* EntranceViewController.m */; };
		72CA4D2A16DE9163002C5A1E /* DiscoveryViewController.m in Sources */ = {isa = PBXBuildFile; fileRef = 72CA4D2916DE9163002C5A1E /* DiscoveryViewController.m */; };
		72CA4D3316DEA3E9002C5A1E /* UserActivitiesViewController.m in Sources */ = {isa = PBXBuildFile; fileRef = 72CA4D3216DEA3E9002C5A1E /* UserActivitiesViewController.m */; };
		72FD5A2A16DE7B7000B2AA28 /* UIKit.framework in Frameworks */ = {isa = PBXBuildFile; fileRef = 72FD5A2916DE7B7000B2AA28 /* UIKit.framework */; };
		72FD5A2C16DE7B7000B2AA28 /* Foundation.framework in Frameworks */ = {isa = PBXBuildFile; fileRef = 72FD5A2B16DE7B7000B2AA28 /* Foundation.framework */; };
		72FD5A2E16DE7B7000B2AA28 /* CoreGraphics.framework in Frameworks */ = {isa = PBXBuildFile; fileRef = 72FD5A2D16DE7B7000B2AA28 /* CoreGraphics.framework */; };
		72FD5A3416DE7B7000B2AA28 /* InfoPlist.strings in Resources */ = {isa = PBXBuildFile; fileRef = 72FD5A3216DE7B7000B2AA28 /* InfoPlist.strings */; };
		72FD5A3616DE7B7000B2AA28 /* main.m in Sources */ = {isa = PBXBuildFile; fileRef = 72FD5A3516DE7B7000B2AA28 /* main.m */; };
		72FD5A3A16DE7B7000B2AA28 /* AppDelegate.m in Sources */ = {isa = PBXBuildFile; fileRef = 72FD5A3916DE7B7000B2AA28 /* AppDelegate.m */; };
		72FD5A3C16DE7B7100B2AA28 /* Default.png in Resources */ = {isa = PBXBuildFile; fileRef = 72FD5A3B16DE7B7100B2AA28 /* Default.png */; };
		72FD5A3E16DE7B7100B2AA28 /* Default@2x.png in Resources */ = {isa = PBXBuildFile; fileRef = 72FD5A3D16DE7B7100B2AA28 /* Default@2x.png */; };
		72FD5A4016DE7B7100B2AA28 /* Default-568h@2x.png in Resources */ = {isa = PBXBuildFile; fileRef = 72FD5A3F16DE7B7100B2AA28 /* Default-568h@2x.png */; };
		809F4781968F44B7862B220D /* libPods.a in Frameworks */ = {isa = PBXBuildFile; fileRef = 4BD8A59E8D9441F2BBD7815E /* libPods.a */; };
/* End PBXBuildFile section */

/* Begin PBXFileReference section */
		4BD8A59E8D9441F2BBD7815E /* libPods.a */ = {isa = PBXFileReference; explicitFileType = archive.ar; includeInIndex = 0; path = libPods.a; sourceTree = BUILT_PRODUCTS_DIR; };
		7228354A16E0434400C7E6C1 /* UserProfileViewController.h */ = {isa = PBXFileReference; fileEncoding = 4; lastKnownFileType = sourcecode.c.h; name = UserProfileViewController.h; path = Classes/UserProfileViewController.h; sourceTree = "<group>"; };
		7228354B16E0434400C7E6C1 /* UserProfileViewController.m */ = {isa = PBXFileReference; fileEncoding = 4; lastKnownFileType = sourcecode.c.objc; name = UserProfileViewController.m; path = Classes/UserProfileViewController.m; sourceTree = "<group>"; };
		7228354E16E04E2600C7E6C1 /* ProfileView.h */ = {isa = PBXFileReference; fileEncoding = 4; lastKnownFileType = sourcecode.c.h; name = ProfileView.h; path = Classes/ProfileView.h; sourceTree = "<group>"; };
		7228354F16E04E2600C7E6C1 /* ProfileView.m */ = {isa = PBXFileReference; fileEncoding = 4; lastKnownFileType = sourcecode.c.objc; name = ProfileView.m; path = Classes/ProfileView.m; sourceTree = "<group>"; };
		7228355416E0664000C7E6C1 /* avatar-inset.png */ = {isa = PBXFileReference; lastKnownFileType = image.png; name = "avatar-inset.png"; path = "Resources/avatar-inset.png"; sourceTree = "<group>"; };
		7228355516E0664000C7E6C1 /* avatar-inset@2x.png */ = {isa = PBXFileReference; lastKnownFileType = image.png; name = "avatar-inset@2x.png"; path = "Resources/avatar-inset@2x.png"; sourceTree = "<group>"; };
		7228355816E0699700C7E6C1 /* BaseProfileTableViewCell.h */ = {isa = PBXFileReference; fileEncoding = 4; lastKnownFileType = sourcecode.c.h; name = BaseProfileTableViewCell.h; path = Classes/BaseProfileTableViewCell.h; sourceTree = "<group>"; };
		7228355916E0699700C7E6C1 /* BaseProfileTableViewCell.m */ = {isa = PBXFileReference; fileEncoding = 4; lastKnownFileType = sourcecode.c.objc; name = BaseProfileTableViewCell.m; path = Classes/BaseProfileTableViewCell.m; sourceTree = "<group>"; };
		7228355B16E0738200C7E6C1 /* BaseTrackTableViewCell.h */ = {isa = PBXFileReference; fileEncoding = 4; lastKnownFileType = sourcecode.c.h; name = BaseTrackTableViewCell.h; path = Classes/BaseTrackTableViewCell.h; sourceTree = "<group>"; };
		7228355C16E0738200C7E6C1 /* BaseTrackTableViewCell.m */ = {isa = PBXFileReference; fileEncoding = 4; lastKnownFileType = sourcecode.c.objc; name = BaseTrackTableViewCell.m; path = Classes/BaseTrackTableViewCell.m; sourceTree = "<group>"; };
		7228355E16E07A9000C7E6C1 /* navbar-bkg.png */ = {isa = PBXFileReference; lastKnownFileType = image.png; name = "navbar-bkg.png"; path = "Resources/navbar-bkg.png"; sourceTree = "<group>"; };
		7228356016E07E2A00C7E6C1 /* hamburger-icon.png */ = {isa = PBXFileReference; lastKnownFileType = image.png; name = "hamburger-icon.png"; path = "Resources/hamburger-icon.png"; sourceTree = "<group>"; };
		7228356116E07E2A00C7E6C1 /* hamburger-icon@2x.png */ = {isa = PBXFileReference; lastKnownFileType = image.png; name = "hamburger-icon@2x.png"; path = "Resources/hamburger-icon@2x.png"; sourceTree = "<group>"; };
		7228356416E0835800C7E6C1 /* soundcloud-header-icon.png */ = {isa = PBXFileReference; lastKnownFileType = image.png; name = "soundcloud-header-icon.png"; path = "Resources/soundcloud-header-icon.png"; sourceTree = "<group>"; };
		7228356516E0835800C7E6C1 /* soundcloud-header-icon@2x.png */ = {isa = PBXFileReference; lastKnownFileType = image.png; name = "soundcloud-header-icon@2x.png"; path = "Resources/soundcloud-header-icon@2x.png"; sourceTree = "<group>"; };
		7228356916E1244900C7E6C1 /* WaveFormView.h */ = {isa = PBXFileReference; fileEncoding = 4; lastKnownFileType = sourcecode.c.h; name = WaveFormView.h; path = Classes/WaveFormView.h; sourceTree = "<group>"; };
		7228356A16E1244900C7E6C1 /* WaveFormView.m */ = {isa = PBXFileReference; fileEncoding = 4; lastKnownFileType = sourcecode.c.objc; name = WaveFormView.m; path = Classes/WaveFormView.m; sourceTree = "<group>"; };
		7228356E16E2E20900C7E6C1 /* FSN_categories.h */ = {isa = PBXFileReference; fileEncoding = 4; lastKnownFileType = sourcecode.c.h; path = FSN_categories.h; sourceTree = "<group>"; };
		7228356F16E2E20900C7E6C1 /* FSN_categories.m */ = {isa = PBXFileReference; fileEncoding = 4; lastKnownFileType = sourcecode.c.objc; path = FSN_categories.m; sourceTree = "<group>"; };
		7228357016E2E20900C7E6C1 /* FSNConnection.h */ = {isa = PBXFileReference; fileEncoding = 4; lastKnownFileType = sourcecode.c.h; path = FSNConnection.h; sourceTree = "<group>"; };
		7228357116E2E20900C7E6C1 /* FSNConnection.m */ = {isa = PBXFileReference; fileEncoding = 4; lastKnownFileType = sourcecode.c.objc; path = FSNConnection.m; sourceTree = "<group>"; };
		7228357216E2E20900C7E6C1 /* FSNData.h */ = {isa = PBXFileReference; fileEncoding = 4; lastKnownFileType = sourcecode.c.h; path = FSNData.h; sourceTree = "<group>"; };
		7228357316E2E20900C7E6C1 /* FSNData.m */ = {isa = PBXFileReference; fileEncoding = 4; lastKnownFileType = sourcecode.c.objc; path = FSNData.m; sourceTree = "<group>"; };
		72CA4D2016DE8960002C5A1E /* AppViewController.h */ = {isa = PBXFileReference; fileEncoding = 4; lastKnownFileType = sourcecode.c.h; name = AppViewController.h; path = Classes/AppViewController.h; sourceTree = "<group>"; };
		72CA4D2116DE8960002C5A1E /* AppViewController.m */ = {isa = PBXFileReference; fileEncoding = 4; lastKnownFileType = sourcecode.c.objc; name = AppViewController.m; path = Classes/AppViewController.m; sourceTree = "<group>"; };
		72CA4D2316DE904F002C5A1E /* QuartzCore.framework */ = {isa = PBXFileReference; lastKnownFileType = wrapper.framework; name = QuartzCore.framework; path = System/Library/Frameworks/QuartzCore.framework; sourceTree = SDKROOT; };
		72CA4D2516DE9152002C5A1E /* EntranceViewController.h */ = {isa = PBXFileReference; fileEncoding = 4; lastKnownFileType = sourcecode.c.h; name = EntranceViewController.h; path = Classes/EntranceViewController.h; sourceTree = "<group>"; };
		72CA4D2616DE9152002C5A1E /* EntranceViewController.m */ = {isa = PBXFileReference; fileEncoding = 4; lastKnownFileType = sourcecode.c.objc; name = EntranceViewController.m; path = Classes/EntranceViewController.m; sourceTree = "<group>"; };
		72CA4D2816DE9163002C5A1E /* DiscoveryViewController.h */ = {isa = PBXFileReference; fileEncoding = 4; lastKnownFileType = sourcecode.c.h; name = DiscoveryViewController.h; path = Classes/DiscoveryViewController.h; sourceTree = "<group>"; };
		72CA4D2916DE9163002C5A1E /* DiscoveryViewController.m */ = {isa = PBXFileReference; fileEncoding = 4; lastKnownFileType = sourcecode.c.objc; name = DiscoveryViewController.m; path = Classes/DiscoveryViewController.m; sourceTree = "<group>"; };
		72CA4D3116DEA3E9002C5A1E /* UserActivitiesViewController.h */ = {isa = PBXFileReference; fileEncoding = 4; lastKnownFileType = sourcecode.c.h; name = UserActivitiesViewController.h; path = Classes/UserActivitiesViewController.h; sourceTree = "<group>"; };
		72CA4D3216DEA3E9002C5A1E /* UserActivitiesViewController.m */ = {isa = PBXFileReference; fileEncoding = 4; lastKnownFileType = sourcecode.c.objc; name = UserActivitiesViewController.m; path = Classes/UserActivitiesViewController.m; sourceTree = "<group>"; };
		72FD5A2616DE7B7000B2AA28 /* SCTest.app */ = {isa = PBXFileReference; explicitFileType = wrapper.application; includeInIndex = 0; path = SCTest.app; sourceTree = BUILT_PRODUCTS_DIR; };
		72FD5A2916DE7B7000B2AA28 /* UIKit.framework */ = {isa = PBXFileReference; lastKnownFileType = wrapper.framework; name = UIKit.framework; path = System/Library/Frameworks/UIKit.framework; sourceTree = SDKROOT; };
		72FD5A2B16DE7B7000B2AA28 /* Foundation.framework */ = {isa = PBXFileReference; lastKnownFileType = wrapper.framework; name = Foundation.framework; path = System/Library/Frameworks/Foundation.framework; sourceTree = SDKROOT; };
		72FD5A2D16DE7B7000B2AA28 /* CoreGraphics.framework */ = {isa = PBXFileReference; lastKnownFileType = wrapper.framework; name = CoreGraphics.framework; path = System/Library/Frameworks/CoreGraphics.framework; sourceTree = SDKROOT; };
		72FD5A3116DE7B7000B2AA28 /* SCTest-Info.plist */ = {isa = PBXFileReference; lastKnownFileType = text.plist.xml; path = "SCTest-Info.plist"; sourceTree = "<group>"; };
		72FD5A3316DE7B7000B2AA28 /* en */ = {isa = PBXFileReference; lastKnownFileType = text.plist.strings; name = en; path = en.lproj/InfoPlist.strings; sourceTree = "<group>"; };
		72FD5A3516DE7B7000B2AA28 /* main.m */ = {isa = PBXFileReference; lastKnownFileType = sourcecode.c.objc; path = main.m; sourceTree = "<group>"; };
		72FD5A3716DE7B7000B2AA28 /* SCTest-Prefix.pch */ = {isa = PBXFileReference; lastKnownFileType = sourcecode.c.h; path = "SCTest-Prefix.pch"; sourceTree = "<group>"; };
		72FD5A3816DE7B7000B2AA28 /* AppDelegate.h */ = {isa = PBXFileReference; lastKnownFileType = sourcecode.c.h; path = AppDelegate.h; sourceTree = "<group>"; };
		72FD5A3916DE7B7000B2AA28 /* AppDelegate.m */ = {isa = PBXFileReference; lastKnownFileType = sourcecode.c.objc; path = AppDelegate.m; sourceTree = "<group>"; };
		72FD5A3B16DE7B7100B2AA28 /* Default.png */ = {isa = PBXFileReference; lastKnownFileType = image.png; path = Default.png; sourceTree = "<group>"; };
		72FD5A3D16DE7B7100B2AA28 /* Default@2x.png */ = {isa = PBXFileReference; lastKnownFileType = image.png; path = "Default@2x.png"; sourceTree = "<group>"; };
		72FD5A3F16DE7B7100B2AA28 /* Default-568h@2x.png */ = {isa = PBXFileReference; lastKnownFileType = image.png; path = "Default-568h@2x.png"; sourceTree = "<group>"; };
		AE8FDE79CDDD48589078307E /* Pods.xcconfig */ = {isa = PBXFileReference; includeInIndex = 1; lastKnownFileType = text.xcconfig; name = Pods.xcconfig; path = Pods/Pods.xcconfig; sourceTree = SOURCE_ROOT; };
/* End PBXFileReference section */

/* Begin PBXFrameworksBuildPhase section */
		72FD5A2316DE7B7000B2AA28 /* Frameworks */ = {
			isa = PBXFrameworksBuildPhase;
			buildActionMask = 2147483647;
			files = (
				72CA4D2416DE904F002C5A1E /* QuartzCore.framework in Frameworks */,
				72FD5A2A16DE7B7000B2AA28 /* UIKit.framework in Frameworks */,
				72FD5A2C16DE7B7000B2AA28 /* Foundation.framework in Frameworks */,
				72FD5A2E16DE7B7000B2AA28 /* CoreGraphics.framework in Frameworks */,
				809F4781968F44B7862B220D /* libPods.a in Frameworks */,
			);
			runOnlyForDeploymentPostprocessing = 0;
		};
/* End PBXFrameworksBuildPhase section */

/* Begin PBXGroup section */
		7228354D16E04E0F00C7E6C1 /* Profile */ = {
			isa = PBXGroup;
			children = (
				7228354A16E0434400C7E6C1 /* UserProfileViewController.h */,
				7228354B16E0434400C7E6C1 /* UserProfileViewController.m */,
				7228354E16E04E2600C7E6C1 /* ProfileView.h */,
				7228354F16E04E2600C7E6C1 /* ProfileView.m */,
				7228355816E0699700C7E6C1 /* BaseProfileTableViewCell.h */,
				7228355916E0699700C7E6C1 /* BaseProfileTableViewCell.m */,
			);
			name = Profile;
			sourceTree = "<group>";
		};
		7228355116E05F2700C7E6C1 /* Resources */ = {
			isa = PBXGroup;
			children = (
				7228356416E0835800C7E6C1 /* soundcloud-header-icon.png */,
				7228356516E0835800C7E6C1 /* soundcloud-header-icon@2x.png */,
				7228356016E07E2A00C7E6C1 /* hamburger-icon.png */,
				7228356116E07E2A00C7E6C1 /* hamburger-icon@2x.png */,
				7228355E16E07A9000C7E6C1 /* navbar-bkg.png */,
				7228355416E0664000C7E6C1 /* avatar-inset.png */,
				7228355516E0664000C7E6C1 /* avatar-inset@2x.png */,
			);
			name = Resources;
			sourceTree = "<group>";
		};
		7228356816E1241900C7E6C1 /* Tracks */ = {
			isa = PBXGroup;
			children = (
				72CA4D3116DEA3E9002C5A1E /* UserActivitiesViewController.h */,
				72CA4D3216DEA3E9002C5A1E /* UserActivitiesViewController.m */,
				7228355B16E0738200C7E6C1 /* BaseTrackTableViewCell.h */,
				7228355C16E0738200C7E6C1 /* BaseTrackTableViewCell.m */,
				7228356916E1244900C7E6C1 /* WaveFormView.h */,
				7228356A16E1244900C7E6C1 /* WaveFormView.m */,
			);
			name = Tracks;
			sourceTree = "<group>";
		};
		7228356C16E2E1EA00C7E6C1 /* Non-Pod Dependencies */ = {
			isa = PBXGroup;
			children = (
				7228356D16E2E20900C7E6C1 /* FSNetworking */,
			);
			name = "Non-Pod Dependencies";
			path = SCTest;
			sourceTree = "<group>";
		};
		7228356D16E2E20900C7E6C1 /* FSNetworking */ = {
			isa = PBXGroup;
			children = (
				7228356E16E2E20900C7E6C1 /* FSN_categories.h */,
				7228356F16E2E20900C7E6C1 /* FSN_categories.m */,
				7228357016E2E20900C7E6C1 /* FSNConnection.h */,
				7228357116E2E20900C7E6C1 /* FSNConnection.m */,
				7228357216E2E20900C7E6C1 /* FSNData.h */,
				7228357316E2E20900C7E6C1 /* FSNData.m */,
			);
			name = FSNetworking;
			path = Dependencies/FSNetworking/src;
			sourceTree = SOURCE_ROOT;
		};
		72CA4D2B16DEA2EB002C5A1E /* Discovery */ = {
			isa = PBXGroup;
			children = (
				7228356816E1241900C7E6C1 /* Tracks */,
				7228354D16E04E0F00C7E6C1 /* Profile */,
				72CA4D2816DE9163002C5A1E /* DiscoveryViewController.h */,
				72CA4D2916DE9163002C5A1E /* DiscoveryViewController.m */,
			);
			name = Discovery;
			sourceTree = "<group>";
		};
		72CA4D2C16DEA2F3002C5A1E /* Entrance (Login) */ = {
			isa = PBXGroup;
			children = (
				72CA4D2516DE9152002C5A1E /* EntranceViewController.h */,
				72CA4D2616DE9152002C5A1E /* EntranceViewController.m */,
			);
			name = "Entrance (Login)";
			sourceTree = "<group>";
		};
		72CA4D2D16DEA309002C5A1E /* Main App Hierarchy */ = {
			isa = PBXGroup;
			children = (
				72FD5A3816DE7B7000B2AA28 /* AppDelegate.h */,
				72FD5A3916DE7B7000B2AA28 /* AppDelegate.m */,
				72CA4D2016DE8960002C5A1E /* AppViewController.h */,
				72CA4D2116DE8960002C5A1E /* AppViewController.m */,
			);
			name = "Main App Hierarchy";
			sourceTree = "<group>";
		};
		72FD5A1D16DE7B7000B2AA28 = {
			isa = PBXGroup;
			children = (
				72FD5A2F16DE7B7000B2AA28 /* SCTest */,
				7228356C16E2E1EA00C7E6C1 /* Non-Pod Dependencies */,
				72FD5A2816DE7B7000B2AA28 /* Frameworks */,
				72FD5A2716DE7B7000B2AA28 /* Products */,
				AE8FDE79CDDD48589078307E /* Pods.xcconfig */,
			);
			sourceTree = "<group>";
		};
		72FD5A2716DE7B7000B2AA28 /* Products */ = {
			isa = PBXGroup;
			children = (
				72FD5A2616DE7B7000B2AA28 /* SCTest.app */,
			);
			name = Products;
			sourceTree = "<group>";
		};
		72FD5A2816DE7B7000B2AA28 /* Frameworks */ = {
			isa = PBXGroup;
			children = (
				72CA4D2316DE904F002C5A1E /* QuartzCore.framework */,
				72FD5A2916DE7B7000B2AA28 /* UIKit.framework */,
				72FD5A2B16DE7B7000B2AA28 /* Foundation.framework */,
				72FD5A2D16DE7B7000B2AA28 /* CoreGraphics.framework */,
				4BD8A59E8D9441F2BBD7815E /* libPods.a */,
			);
			name = Frameworks;
			sourceTree = "<group>";
		};
		72FD5A2F16DE7B7000B2AA28 /* SCTest */ = {
			isa = PBXGroup;
			children = (
				7228355116E05F2700C7E6C1 /* Resources */,
				72CA4D2D16DEA309002C5A1E /* Main App Hierarchy */,
				72CA4D2C16DEA2F3002C5A1E /* Entrance (Login) */,
				72CA4D2B16DEA2EB002C5A1E /* Discovery */,
				72FD5A3016DE7B7000B2AA28 /* Supporting Files */,
			);
			path = SCTest;
			sourceTree = "<group>";
		};
		72FD5A3016DE7B7000B2AA28 /* Supporting Files */ = {
			isa = PBXGroup;
			children = (
				72FD5A3116DE7B7000B2AA28 /* SCTest-Info.plist */,
				72FD5A3216DE7B7000B2AA28 /* InfoPlist.strings */,
				72FD5A3516DE7B7000B2AA28 /* main.m */,
				72FD5A3716DE7B7000B2AA28 /* SCTest-Prefix.pch */,
				72FD5A3B16DE7B7100B2AA28 /* Default.png */,
				72FD5A3D16DE7B7100B2AA28 /* Default@2x.png */,
				72FD5A3F16DE7B7100B2AA28 /* Default-568h@2x.png */,
			);
			name = "Supporting Files";
			sourceTree = "<group>";
		};
/* End PBXGroup section */

/* Begin PBXNativeTarget section */
		72FD5A2516DE7B7000B2AA28 /* SCTest */ = {
			isa = PBXNativeTarget;
			buildConfigurationList = 72FD5A4C16DE7B7100B2AA28 /* Build configuration list for PBXNativeTarget "SCTest" */;
			buildPhases = (
				72FD5A2216DE7B7000B2AA28 /* Sources */,
				72FD5A2316DE7B7000B2AA28 /* Frameworks */,
				72FD5A2416DE7B7000B2AA28 /* Resources */,
				919FE680A5EF440FA75747FF /* Copy Pods Resources */,
			);
			buildRules = (
			);
			dependencies = (
			);
			name = SCTest;
			productName = SCTest;
			productReference = 72FD5A2616DE7B7000B2AA28 /* SCTest.app */;
			productType = "com.apple.product-type.application";
		};
/* End PBXNativeTarget section */

/* Begin PBXProject section */
		72FD5A1E16DE7B7000B2AA28 /* Project object */ = {
			isa = PBXProject;
			attributes = {
				LastUpgradeCheck = 0460;
				ORGANIZATIONNAME = Foureyes;
			};
			buildConfigurationList = 72FD5A2116DE7B7000B2AA28 /* Build configuration list for PBXProject "SCTest" */;
			compatibilityVersion = "Xcode 3.2";
			developmentRegion = English;
			hasScannedForEncodings = 0;
			knownRegions = (
				en,
			);
			mainGroup = 72FD5A1D16DE7B7000B2AA28;
			productRefGroup = 72FD5A2716DE7B7000B2AA28 /* Products */;
			projectDirPath = "";
			projectRoot = "";
			targets = (
				72FD5A2516DE7B7000B2AA28 /* SCTest */,
			);
		};
/* End PBXProject section */

/* Begin PBXResourcesBuildPhase section */
		72FD5A2416DE7B7000B2AA28 /* Resources */ = {
			isa = PBXResourcesBuildPhase;
			buildActionMask = 2147483647;
			files = (
				72FD5A3416DE7B7000B2AA28 /* InfoPlist.strings in Resources */,
				72FD5A3C16DE7B7100B2AA28 /* Default.png in Resources */,
				72FD5A3E16DE7B7100B2AA28 /* Default@2x.png in Resources */,
				72FD5A4016DE7B7100B2AA28 /* Default-568h@2x.png in Resources */,
				7228355616E0664000C7E6C1 /* avatar-inset.png in Resources */,
				7228355716E0664000C7E6C1 /* avatar-inset@2x.png in Resources */,
				7228355F16E07A9000C7E6C1 /* navbar-bkg.png in Resources */,
				7228356216E07E2B00C7E6C1 /* hamburger-icon.png in Resources */,
				7228356316E07E2B00C7E6C1 /* hamburger-icon@2x.png in Resources */,
				7228356616E0835800C7E6C1 /* soundcloud-header-icon.png in Resources */,
				7228356716E0835800C7E6C1 /* soundcloud-header-icon@2x.png in Resources */,
			);
			runOnlyForDeploymentPostprocessing = 0;
		};
/* End PBXResourcesBuildPhase section */

/* Begin PBXShellScriptBuildPhase section */
		919FE680A5EF440FA75747FF /* Copy Pods Resources */ = {
			isa = PBXShellScriptBuildPhase;
			buildActionMask = 2147483647;
			files = (
			);
			inputPaths = (
			);
			name = "Copy Pods Resources";
			outputPaths = (
			);
			runOnlyForDeploymentPostprocessing = 0;
			shellPath = /bin/sh;
			shellScript = "\"${SRCROOT}/Pods/Pods-resources.sh\"\n";
		};
/* End PBXShellScriptBuildPhase section */

/* Begin PBXSourcesBuildPhase section */
		72FD5A2216DE7B7000B2AA28 /* Sources */ = {
			isa = PBXSourcesBuildPhase;
			buildActionMask = 2147483647;
			files = (
				72FD5A3616DE7B7000B2AA28 /* main.m in Sources */,
				72FD5A3A16DE7B7000B2AA28 /* AppDelegate.m in Sources */,
				72CA4D2216DE8960002C5A1E /* AppViewController.m in Sources */,
				72CA4D2716DE9152002C5A1E /* EntranceViewController.m in Sources */,
				72CA4D2A16DE9163002C5A1E /* DiscoveryViewController.m in Sources */,
				72CA4D3316DEA3E9002C5A1E /* UserActivitiesViewController.m in Sources */,
				7228354C16E0434400C7E6C1 /* UserProfileViewController.m in Sources */,
				7228355016E04E2600C7E6C1 /* ProfileView.m in Sources */,
				7228355A16E0699800C7E6C1 /* BaseProfileTableViewCell.m in Sources */,
				7228355D16E0738200C7E6C1 /* BaseTrackTableViewCell.m in Sources */,
				7228356B16E1244900C7E6C1 /* WaveFormView.m in Sources */,
				7228357416E2E20900C7E6C1 /* FSN_categories.m in Sources */,
				7228357516E2E20900C7E6C1 /* FSNConnection.m in Sources */,
				7228357616E2E20900C7E6C1 /* FSNData.m in Sources */,
			);
			runOnlyForDeploymentPostprocessing = 0;
		};
/* End PBXSourcesBuildPhase section */

/* Begin PBXVariantGroup section */
		72FD5A3216DE7B7000B2AA28 /* InfoPlist.strings */ = {
			isa = PBXVariantGroup;
			children = (
				72FD5A3316DE7B7000B2AA28 /* en */,
			);
			name = InfoPlist.strings;
			sourceTree = "<group>";
		};
/* End PBXVariantGroup section */

/* Begin XCBuildConfiguration section */
		72FD5A4A16DE7B7100B2AA28 /* Debug */ = {
			isa = XCBuildConfiguration;
			buildSettings = {
				ALWAYS_SEARCH_USER_PATHS = NO;
				CLANG_CXX_LANGUAGE_STANDARD = "gnu++0x";
				CLANG_CXX_LIBRARY = "libc++";
				CLANG_ENABLE_OBJC_ARC = YES;
				CLANG_WARN_CONSTANT_CONVERSION = YES;
				CLANG_WARN_EMPTY_BODY = YES;
				CLANG_WARN_ENUM_CONVERSION = YES;
				CLANG_WARN_INT_CONVERSION = YES;
				CLANG_WARN__DUPLICATE_METHOD_MATCH = YES;
				"CODE_SIGN_IDENTITY[sdk=iphoneos*]" = "iPhone Developer";
				COPY_PHASE_STRIP = NO;
				GCC_C_LANGUAGE_STANDARD = gnu99;
				GCC_DYNAMIC_NO_PIC = NO;
				GCC_OPTIMIZATION_LEVEL = 0;
				GCC_PREPROCESSOR_DEFINITIONS = (
					"DEBUG=1",
					"$(inherited)",
				);
				GCC_SYMBOLS_PRIVATE_EXTERN = NO;
				GCC_WARN_ABOUT_RETURN_TYPE = YES;
				GCC_WARN_UNINITIALIZED_AUTOS = YES;
				GCC_WARN_UNUSED_VARIABLE = YES;
				IPHONEOS_DEPLOYMENT_TARGET = 6.1;
				ONLY_ACTIVE_ARCH = YES;
				SDKROOT = iphoneos;
				TARGETED_DEVICE_FAMILY = "1,2";
			};
			name = Debug;
		};
		72FD5A4B16DE7B7100B2AA28 /* Release */ = {
			isa = XCBuildConfiguration;
			buildSettings = {
				ALWAYS_SEARCH_USER_PATHS = NO;
				CLANG_CXX_LANGUAGE_STANDARD = "gnu++0x";
				CLANG_CXX_LIBRARY = "libc++";
				CLANG_ENABLE_OBJC_ARC = YES;
				CLANG_WARN_CONSTANT_CONVERSION = YES;
				CLANG_WARN_EMPTY_BODY = YES;
				CLANG_WARN_ENUM_CONVERSION = YES;
				CLANG_WARN_INT_CONVERSION = YES;
				CLANG_WARN__DUPLICATE_METHOD_MATCH = YES;
				"CODE_SIGN_IDENTITY[sdk=iphoneos*]" = "iPhone Developer";
				COPY_PHASE_STRIP = YES;
				GCC_C_LANGUAGE_STANDARD = gnu99;
				GCC_WARN_ABOUT_RETURN_TYPE = YES;
				GCC_WARN_UNINITIALIZED_AUTOS = YES;
				GCC_WARN_UNUSED_VARIABLE = YES;
				IPHONEOS_DEPLOYMENT_TARGET = 6.1;
				OTHER_CFLAGS = "-DNS_BLOCK_ASSERTIONS=1";
				SDKROOT = iphoneos;
				TARGETED_DEVICE_FAMILY = "1,2";
				VALIDATE_PRODUCT = YES;
			};
			name = Release;
		};
		72FD5A4D16DE7B7100B2AA28 /* Debug */ = {
			isa = XCBuildConfiguration;
			baseConfigurationReference = AE8FDE79CDDD48589078307E /* Pods.xcconfig */;
			buildSettings = {
				GCC_PRECOMPILE_PREFIX_HEADER = YES;
				GCC_PREFIX_HEADER = "SCTest/SCTest-Prefix.pch";
				INFOPLIST_FILE = "SCTest/SCTest-Info.plist";
				IPHONEOS_DEPLOYMENT_TARGET = 5.1;
				PRODUCT_NAME = "$(TARGET_NAME)";
				TARGETED_DEVICE_FAMILY = "1,2";
				WRAPPER_EXTENSION = app;
			};
			name = Debug;
		};
		72FD5A4E16DE7B7100B2AA28 /* Release */ = {
			isa = XCBuildConfiguration;
			baseConfigurationReference = AE8FDE79CDDD48589078307E /* Pods.xcconfig */;
			buildSettings = {
				GCC_PRECOMPILE_PREFIX_HEADER = YES;
				GCC_PREFIX_HEADER = "SCTest/SCTest-Prefix.pch";
				INFOPLIST_FILE = "SCTest/SCTest-Info.plist";
				IPHONEOS_DEPLOYMENT_TARGET = 5.1;
				PRODUCT_NAME = "$(TARGET_NAME)";
				TARGETED_DEVICE_FAMILY = "1,2";
				WRAPPER_EXTENSION = app;
			};
			name = Release;
		};
/* End XCBuildConfiguration section */

/* Begin XCConfigurationList section */
		72FD5A2116DE7B7000B2AA28 /* Build configuration list for PBXProject "SCTest" */ = {
			isa = XCConfigurationList;
			buildConfigurations = (
				72FD5A4A16DE7B7100B2AA28 /* Debug */,
				72FD5A4B16DE7B7100B2AA28 /* Release */,
			);
			defaultConfigurationIsVisible = 0;
			defaultConfigurationName = Release;
		};
		72FD5A4C16DE7B7100B2AA28 /* Build configuration list for PBXNativeTarget "SCTest" */ = {
			isa = XCConfigurationList;
			buildConfigurations = (
				72FD5A4D16DE7B7100B2AA28 /* Debug */,
				72FD5A4E16DE7B7100B2AA28 /* Release */,
			);
			defaultConfigurationIsVisible = 0;
			defaultConfigurationName = Release;
		};
/* End XCConfigurationList section */
	};
	rootObject = 72FD5A1E16DE7B7000B2AA28 /* Project object */;
}
